{
  "name": "@enspirit/eslint-config-angular",
  "version": "0.0.1",
  "lockfileVersion": 1,
  "requires": true,
  "dependencies": {
    "eslint-plugin-angular": {
      "version": "4.0.1",
      "resolved": "https://registry.npmjs.org/eslint-plugin-angular/-/eslint-plugin-angular-4.0.1.tgz",
      "integrity": "sha512-OaW5G461C2lIkOG+/bhnBoXB9UQm/r0Dj2Qf9uiIN0/ncvf2Llp30L0q1tqWkN8/CxyBwQKh1v0hpCLLDjaIKQ==",
      "dev": true
    }
  }
}
